
Microsoft Visual Studio Solution File, Format Version 12.00
# Visual Studio Version 17
VisualStudioVersion = 17.5.002.0
MinimumVisualStudioVersion = 10.0.40219.1
Project("{2150E333-8FDC-42A3-9474-1A3956D46DE8}") = "p001", "p001", "{B9F30FD5-51E7-4758-86AF-1DBB9B056220}"
EndProject
Project("{9A19103F-16F7-4668-BE54-9A1E7A4F7556}") = "Questao3", "p001\Questao3\Questao3.csproj", "{2F317B8D-4505-444A-AD1A-A4E9514919E1}"
EndProject
Project("{9A19103F-16F7-4668-BE54-9A1E7A4F7556}") = "Questao4", "p001\Questao4\Questao4.csproj", "{2DCB7D5A-0EE1-465A-9625-2936736F00DA}"
EndProject
Project("{9A19103F-16F7-4668-BE54-9A1E7A4F7556}") = "Questao5", "p001\Questao5\Questao5.csproj", "{F014FBD7-18D4-4273-ACF5-26A721EC5DB6}"
EndProject
Project("{9A19103F-16F7-4668-BE54-9A1E7A4F7556}") = "Questao6", "p001\Questao6\Questao6.csproj", "{3821D2B0-6FBE-441D-A932-F0457312E69C}"
EndProject
Project("{9A19103F-16F7-4668-BE54-9A1E7A4F7556}") = "Questao7", "p001\Questao7\Questao7.csproj", "{D68FBA02-E310-4577-8A9F-2185ECCE80EA}"
EndProject
Project("{9A19103F-16F7-4668-BE54-9A1E7A4F7556}") = "Questao8", "p001\Questao8\Questao8.csproj", "{6C7F9CAE-23B8-4798-88F3-F4BABB4CB0EE}"
EndProject
Project("{2150E333-8FDC-42A3-9474-1A3956D46DE8}") = "Semana1", "Semana1", "{AAE3FAF2-DB15-460E-85F5-93B3BA4B7B2F}"
EndProject
Project("{9A19103F-16F7-4668-BE54-9A1E7A4F7556}") = "MeuPrimeiroProjeto", "Semana1\MeuPrimeiroProjeto\MeuPrimeiroProjeto.csproj", "{018A2B33-EDD2-4930-A161-23424F489FE7}"
EndProject
Project("{2150E333-8FDC-42A3-9474-1A3956D46DE8}") = "Semana2", "Semana2", "{C00D9D79-1EBB-4384-9427-20FFF386F528}"
EndProject
Project("{9A19103F-16F7-4668-BE54-9A1E7A4F7556}") = "Atv1", "Semana2\Atv1\Atv1.csproj", "{47BE4046-3FFC-41FC-A45E-6BB4DDEEFC48}"
EndProject
Project("{9A19103F-16F7-4668-BE54-9A1E7A4F7556}") = "Atv2", "Semana2\Atv2\Atv2.csproj", "{62916FA1-66C4-4EE8-89DD-72450C5B30AB}"
EndProject
Project("{9A19103F-16F7-4668-BE54-9A1E7A4F7556}") = "Atv3", "Semana2\Atv3\Atv3.csproj", "{7CDC579C-8FBD-46F5-A0A2-441DAB91560E}"
EndProject
Project("{9A19103F-16F7-4668-BE54-9A1E7A4F7556}") = "Exemplo1", "Semana2\Exemplo1\Exemplo1.csproj", "{2AF7754F-7A5C-479A-B172-3A59E2E43B8E}"
EndProject
Project("{9A19103F-16F7-4668-BE54-9A1E7A4F7556}") = "Exemplo2", "Semana2\Exemplo2\Exemplo2.csproj", "{68B53713-D309-45B8-BE64-837E8C83FBD7}"
EndProject
Project("{9A19103F-16F7-4668-BE54-9A1E7A4F7556}") = "Exemplo3", "Semana2\Exemplo3\Exemplo3.csproj", "{1F5FD058-07CF-49F6-9C02-2F131F7F95BE}"
EndProject
Project("{9A19103F-16F7-4668-BE54-9A1E7A4F7556}") = "Exercicio1", "Semana2\Exercicio1\Exercicio1.csproj", "{8BADC550-E449-4CE6-B1FB-5EEABC577D73}"
EndProject
Global
	GlobalSection(SolutionConfigurationPlatforms) = preSolution
		Debug|Any CPU = Debug|Any CPU
		Release|Any CPU = Release|Any CPU
	EndGlobalSection
	GlobalSection(ProjectConfigurationPlatforms) = postSolution
		{2F317B8D-4505-444A-AD1A-A4E9514919E1}.Debug|Any CPU.ActiveCfg = Debug|Any CPU
		{2F317B8D-4505-444A-AD1A-A4E9514919E1}.Debug|Any CPU.Build.0 = Debug|Any CPU
		{2F317B8D-4505-444A-AD1A-A4E9514919E1}.Release|Any CPU.ActiveCfg = Release|Any CPU
		{2F317B8D-4505-444A-AD1A-A4E9514919E1}.Release|Any CPU.Build.0 = Release|Any CPU
		{2DCB7D5A-0EE1-465A-9625-2936736F00DA}.Debug|Any CPU.ActiveCfg = Debug|Any CPU
		{2DCB7D5A-0EE1-465A-9625-2936736F00DA}.Debug|Any CPU.Build.0 = Debug|Any CPU
		{2DCB7D5A-0EE1-465A-9625-2936736F00DA}.Release|Any CPU.ActiveCfg = Release|Any CPU
		{2DCB7D5A-0EE1-465A-9625-2936736F00DA}.Release|Any CPU.Build.0 = Release|Any CPU
		{F014FBD7-18D4-4273-ACF5-26A721EC5DB6}.Debug|Any CPU.ActiveCfg = Debug|Any CPU
		{F014FBD7-18D4-4273-ACF5-26A721EC5DB6}.Debug|Any CPU.Build.0 = Debug|Any CPU
		{F014FBD7-18D4-4273-ACF5-26A721EC5DB6}.Release|Any CPU.ActiveCfg = Release|Any CPU
		{F014FBD7-18D4-4273-ACF5-26A721EC5DB6}.Release|Any CPU.Build.0 = Release|Any CPU
		{3821D2B0-6FBE-441D-A932-F0457312E69C}.Debug|Any CPU.ActiveCfg = Debug|Any CPU
		{3821D2B0-6FBE-441D-A932-F0457312E69C}.Debug|Any CPU.Build.0 = Debug|Any CPU
		{3821D2B0-6FBE-441D-A932-F0457312E69C}.Release|Any CPU.ActiveCfg = Release|Any CPU
		{3821D2B0-6FBE-441D-A932-F0457312E69C}.Release|Any CPU.Build.0 = Release|Any CPU
		{D68FBA02-E310-4577-8A9F-2185ECCE80EA}.Debug|Any CPU.ActiveCfg = Debug|Any CPU
		{D68FBA02-E310-4577-8A9F-2185ECCE80EA}.Debug|Any CPU.Build.0 = Debug|Any CPU
		{D68FBA02-E310-4577-8A9F-2185ECCE80EA}.Release|Any CPU.ActiveCfg = Release|Any CPU
		{D68FBA02-E310-4577-8A9F-2185ECCE80EA}.Release|Any CPU.Build.0 = Release|Any CPU
		{6C7F9CAE-23B8-4798-88F3-F4BABB4CB0EE}.Debug|Any CPU.ActiveCfg = Debug|Any CPU
		{6C7F9CAE-23B8-4798-88F3-F4BABB4CB0EE}.Debug|Any CPU.Build.0 = Debug|Any CPU
		{6C7F9CAE-23B8-4798-88F3-F4BABB4CB0EE}.Release|Any CPU.ActiveCfg = Release|Any CPU
		{6C7F9CAE-23B8-4798-88F3-F4BABB4CB0EE}.Release|Any CPU.Build.0 = Release|Any CPU
		{018A2B33-EDD2-4930-A161-23424F489FE7}.Debug|Any CPU.ActiveCfg = Debug|Any CPU
		{018A2B33-EDD2-4930-A161-23424F489FE7}.Debug|Any CPU.Build.0 = Debug|Any CPU
		{018A2B33-EDD2-4930-A161-23424F489FE7}.Release|Any CPU.ActiveCfg = Release|Any CPU
		{018A2B33-EDD2-4930-A161-23424F489FE7}.Release|Any CPU.Build.0 = Release|Any CPU
		{47BE4046-3FFC-41FC-A45E-6BB4DDEEFC48}.Debug|Any CPU.ActiveCfg = Debug|Any CPU
		{47BE4046-3FFC-41FC-A45E-6BB4DDEEFC48}.Debug|Any CPU.Build.0 = Debug|Any CPU
		{47BE4046-3FFC-41FC-A45E-6BB4DDEEFC48}.Release|Any CPU.ActiveCfg = Release|Any CPU
		{47BE4046-3FFC-41FC-A45E-6BB4DDEEFC48}.Release|Any CPU.Build.0 = Release|Any CPU
		{62916FA1-66C4-4EE8-89DD-72450C5B30AB}.Debug|Any CPU.ActiveCfg = Debug|Any CPU
		{62916FA1-66C4-4EE8-89DD-72450C5B30AB}.Debug|Any CPU.Build.0 = Debug|Any CPU
		{62916FA1-66C4-4EE8-89DD-72450C5B30AB}.Release|Any CPU.ActiveCfg = Release|Any CPU
		{62916FA1-66C4-4EE8-89DD-72450C5B30AB}.Release|Any CPU.Build.0 = Release|Any CPU
		{7CDC579C-8FBD-46F5-A0A2-441DAB91560E}.Debug|Any CPU.ActiveCfg = Debug|Any CPU
		{7CDC579C-8FBD-46F5-A0A2-441DAB91560E}.Debug|Any CPU.Build.0 = Debug|Any CPU
		{7CDC579C-8FBD-46F5-A0A2-441DAB91560E}.Release|Any CPU.ActiveCfg = Release|Any CPU
		{7CDC579C-8FBD-46F5-A0A2-441DAB91560E}.Release|Any CPU.Build.0 = Release|Any CPU
		{2AF7754F-7A5C-479A-B172-3A59E2E43B8E}.Debug|Any CPU.ActiveCfg = Debug|Any CPU
		{2AF7754F-7A5C-479A-B172-3A59E2E43B8E}.Debug|Any CPU.Build.0 = Debug|Any CPU
		{2AF7754F-7A5C-479A-B172-3A59E2E43B8E}.Release|Any CPU.ActiveCfg = Release|Any CPU
		{2AF7754F-7A5C-479A-B172-3A59E2E43B8E}.Release|Any CPU.Build.0 = Release|Any CPU
		{68B53713-D309-45B8-BE64-837E8C83FBD7}.Debug|Any CPU.ActiveCfg = Debug|Any CPU
		{68B53713-D309-45B8-BE64-837E8C83FBD7}.Debug|Any CPU.Build.0 = Debug|Any CPU
		{68B53713-D309-45B8-BE64-837E8C83FBD7}.Release|Any CPU.ActiveCfg = Release|Any CPU
		{68B53713-D309-45B8-BE64-837E8C83FBD7}.Release|Any CPU.Build.0 = Release|Any CPU
		{1F5FD058-07CF-49F6-9C02-2F131F7F95BE}.Debug|Any CPU.ActiveCfg = Debug|Any CPU
		{1F5FD058-07CF-49F6-9C02-2F131F7F95BE}.Debug|Any CPU.Build.0 = Debug|Any CPU
		{1F5FD058-07CF-49F6-9C02-2F131F7F95BE}.Release|Any CPU.ActiveCfg = Release|Any CPU
		{1F5FD058-07CF-49F6-9C02-2F131F7F95BE}.Release|Any CPU.Build.0 = Release|Any CPU
		{8BADC550-E449-4CE6-B1FB-5EEABC577D73}.Debug|Any CPU.ActiveCfg = Debug|Any CPU
		{8BADC550-E449-4CE6-B1FB-5EEABC577D73}.Debug|Any CPU.Build.0 = Debug|Any CPU
		{8BADC550-E449-4CE6-B1FB-5EEABC577D73}.Release|Any CPU.ActiveCfg = Release|Any CPU
		{8BADC550-E449-4CE6-B1FB-5EEABC577D73}.Release|Any CPU.Build.0 = Release|Any CPU
	EndGlobalSection
	GlobalSection(SolutionProperties) = preSolution
		HideSolutionNode = FALSE
	EndGlobalSection
	GlobalSection(NestedProjects) = preSolution
		{2F317B8D-4505-444A-AD1A-A4E9514919E1} = {B9F30FD5-51E7-4758-86AF-1DBB9B056220}
		{2DCB7D5A-0EE1-465A-9625-2936736F00DA} = {B9F30FD5-51E7-4758-86AF-1DBB9B056220}
		{F014FBD7-18D4-4273-ACF5-26A721EC5DB6} = {B9F30FD5-51E7-4758-86AF-1DBB9B056220}
		{3821D2B0-6FBE-441D-A932-F0457312E69C} = {B9F30FD5-51E7-4758-86AF-1DBB9B056220}
		{D68FBA02-E310-4577-8A9F-2185ECCE80EA} = {B9F30FD5-51E7-4758-86AF-1DBB9B056220}
		{6C7F9CAE-23B8-4798-88F3-F4BABB4CB0EE} = {B9F30FD5-51E7-4758-86AF-1DBB9B056220}
		{018A2B33-EDD2-4930-A161-23424F489FE7} = {AAE3FAF2-DB15-460E-85F5-93B3BA4B7B2F}
		{47BE4046-3FFC-41FC-A45E-6BB4DDEEFC48} = {C00D9D79-1EBB-4384-9427-20FFF386F528}
		{62916FA1-66C4-4EE8-89DD-72450C5B30AB} = {C00D9D79-1EBB-4384-9427-20FFF386F528}
		{7CDC579C-8FBD-46F5-A0A2-441DAB91560E} = {C00D9D79-1EBB-4384-9427-20FFF386F528}
		{2AF7754F-7A5C-479A-B172-3A59E2E43B8E} = {C00D9D79-1EBB-4384-9427-20FFF386F528}
		{68B53713-D309-45B8-BE64-837E8C83FBD7} = {C00D9D79-1EBB-4384-9427-20FFF386F528}
		{1F5FD058-07CF-49F6-9C02-2F131F7F95BE} = {C00D9D79-1EBB-4384-9427-20FFF386F528}
		{8BADC550-E449-4CE6-B1FB-5EEABC577D73} = {C00D9D79-1EBB-4384-9427-20FFF386F528}
	EndGlobalSection
	GlobalSection(ExtensibilityGlobals) = postSolution
		SolutionGuid = {941ABF75-9054-4170-A0E8-EF9F5D3535B8}
	EndGlobalSection
EndGlobal
